{
  "version": "4",
  "specifiers": {
    "jsr:@bronti/wooter@~0.2.4": "0.2.4",
    "jsr:@dldc/chemin@^12.0.1": "12.0.1",
    "npm:luxon@^3.5.0": "3.5.0"
  },
  "jsr": {
    "@bronti/wooter@0.2.4": {
      "integrity": "af4c15e22c39cedfdd8b41d3968d5dfcad9bccdc0827d10bca091bdb8f1aa3ab",
      "dependencies": [
        "jsr:@dldc/chemin"
      ]
    },
    "@dldc/chemin@12.0.1": {
      "integrity": "f1f97bab51732c825d89f7788e07e2b9875c41f95393809309def9b157034115"
    }
  },
  "npm": {
    "luxon@3.5.0": {
      "integrity": "sha512-rh+Zjr6DNfUYR3bPwJEnuwDdqMbxZW7LOQfUN4B54+Cl+0o5zaU9RJ6bcidfDtC1cWCZXQ+nvX8bf6bAji37QQ=="
    }
  },
  "workspace": {
    "dependencies": [
      "jsr:@bronti/wooter@~0.2.4",
      "npm:@types/luxon@^3.4.2",
      "npm:luxon@^3.5.0"
    ]
  }
}
