{
  "version": "4",
  "specifiers": {
    "jsr:@bronti/wooter@~0.2.1": "0.2.1",
    "jsr:@dldc/chemin@^12.0.1": "12.0.1",
    "npm:@types/luxon@^3.4.2": "3.4.2",
    "npm:luxon@^3.5.0": "3.5.0"
  },
  "jsr": {
    "@bronti/wooter@0.2.1": {
      "integrity": "231d816871ae06d3e1fe6ce160fc13cf8549ff5a4102a7133763f58548ee6782",
      "dependencies": [
        "jsr:@dldc/chemin"
      ]
    },
    "@dldc/chemin@12.0.1": {
      "integrity": "f1f97bab51732c825d89f7788e07e2b9875c41f95393809309def9b157034115"
    }
  },
  "npm": {
    "@types/luxon@3.4.2": {
      "integrity": "sha512-TifLZlFudklWlMBfhubvgqTXRzLDI5pCbGa4P8a3wPyUQSW+1xQ5eDsreP9DWHX3tjq1ke96uYG/nwundroWcA=="
    },
    "luxon@3.5.0": {
      "integrity": "sha512-rh+Zjr6DNfUYR3bPwJEnuwDdqMbxZW7LOQfUN4B54+Cl+0o5zaU9RJ6bcidfDtC1cWCZXQ+nvX8bf6bAji37QQ=="
    }
  },
  "workspace": {
    "dependencies": [
      "jsr:@bronti/wooter@~0.2.1",
      "npm:@types/luxon@^3.4.2",
      "npm:luxon@^3.5.0"
    ]
  }
}
