{
  "version": "4",
  "specifiers": {
    "jsr:@bronti/wooter@0.1.3": "0.1.3",
    "jsr:@dldc/chemin@^12.0.1": "12.0.1",
    "npm:luxon@^3.5.0": "3.5.0"
  },
  "jsr": {
    "@bronti/wooter@0.1.3": {
      "integrity": "86d65eab2e3d79229431222e3edc989332c55b440804e4cc0089b3fcc16fe2fd",
      "dependencies": [
        "jsr:@dldc/chemin"
      ]
    },
    "@dldc/chemin@12.0.1": {
      "integrity": "f1f97bab51732c825d89f7788e07e2b9875c41f95393809309def9b157034115"
    }
  },
  "npm": {
    "luxon@3.5.0": {
      "integrity": "sha512-rh+Zjr6DNfUYR3bPwJEnuwDdqMbxZW7LOQfUN4B54+Cl+0o5zaU9RJ6bcidfDtC1cWCZXQ+nvX8bf6bAji37QQ=="
    }
  },
  "workspace": {
    "dependencies": [
      "jsr:@bronti/wooter@0.1.3",
      "npm:@types/luxon@^3.4.2",
      "npm:luxon@^3.5.0"
    ]
  }
}
